
Microsoft Visual Studio Solution File, Format Version 12.00
# Visual Studio Version 16
VisualStudioVersion = 16.0.29009.5
MinimumVisualStudioVersion = 10.0.40219.1
Project("{9A19103F-16F7-4668-BE54-9A1E7A4F7556}") = "ChatClient", "ChatClient\ChatClient.csproj", "{E5685752-0045-47E0-9C54-C614246997BD}"
EndProject
Project("{FAE04EC0-301F-11D3-BF4B-00C04F79EFBC}") = "ProtoClient", "ProtoClient\ProtoClient.csproj", "{DAE8490B-8E9B-499D-B9EC-264BE39CC650}"
EndProject
Global
	GlobalSection(SolutionConfigurationPlatforms) = preSolution
		Debug|Any CPU = Debug|Any CPU
		Release|Any CPU = Release|Any CPU
	EndGlobalSection
	GlobalSection(ProjectConfigurationPlatforms) = postSolution
		{E5685752-0045-47E0-9C54-C614246997BD}.Debug|Any CPU.ActiveCfg = Debug|Any CPU
		{E5685752-0045-47E0-9C54-C614246997BD}.Debug|Any CPU.Build.0 = Debug|Any CPU
		{E5685752-0045-47E0-9C54-C614246997BD}.Release|Any CPU.ActiveCfg = Release|Any CPU
		{E5685752-0045-47E0-9C54-C614246997BD}.Release|Any CPU.Build.0 = Release|Any CPU
		{DAE8490B-8E9B-499D-B9EC-264BE39CC650}.Debug|Any CPU.ActiveCfg = Debug|Any CPU
		{DAE8490B-8E9B-499D-B9EC-264BE39CC650}.Debug|Any CPU.Build.0 = Debug|Any CPU
		{DAE8490B-8E9B-499D-B9EC-264BE39CC650}.Release|Any CPU.ActiveCfg = Release|Any CPU
		{DAE8490B-8E9B-499D-B9EC-264BE39CC650}.Release|Any CPU.Build.0 = Release|Any CPU
	EndGlobalSection
	GlobalSection(SolutionProperties) = preSolution
		HideSolutionNode = FALSE
	EndGlobalSection
	GlobalSection(ExtensibilityGlobals) = postSolution
		SolutionGuid = {60FABF42-C3EA-47E2-A05F-B6BF7C45FED5}
	EndGlobalSection
EndGlobal
